// !$*UTF8*$!
{
	archiveVersion = 1;
	classes = {
	};
	objectVersion = 50;
	objects = {

/* Begin PBXBuildFile section */
		3DAB09C3270E699C004AED74 /* DetallesRestaurantController.swift in Sources */ = {isa = PBXBuildFile; fileRef = 3DAB09C2270E699C004AED74 /* DetallesRestaurantController.swift */; };
		3DB182E8270BC09D009C0972 /* AppDelegate.swift in Sources */ = {isa = PBXBuildFile; fileRef = 3DB182E7270BC09D009C0972 /* AppDelegate.swift */; };
		3DB182EA270BC09D009C0972 /* SceneDelegate.swift in Sources */ = {isa = PBXBuildFile; fileRef = 3DB182E9270BC09D009C0972 /* SceneDelegate.swift */; };
		3DB182EC270BC09D009C0972 /* ListaRestaurantesController.swift in Sources */ = {isa = PBXBuildFile; fileRef = 3DB182EB270BC09D009C0972 /* ListaRestaurantesController.swift */; };
		3DB182EF270BC09D009C0972 /* Main.storyboard in Resources */ = {isa = PBXBuildFile; fileRef = 3DB182ED270BC09D009C0972 /* Main.storyboard */; };
		3DB182F1270BC0A2009C0972 /* Assets.xcassets in Resources */ = {isa = PBXBuildFile; fileRef = 3DB182F0270BC0A2009C0972 /* Assets.xcassets */; };
		3DB182F4270BC0A2009C0972 /* LaunchScreen.storyboard in Resources */ = {isa = PBXBuildFile; fileRef = 3DB182F2270BC0A2009C0972 /* LaunchScreen.storyboard */; };
		3DB182FC270BC38A009C0972 /* Restaurant.swift in Sources */ = {isa = PBXBuildFile; fileRef = 3DB182FB270BC38A009C0972 /* Restaurant.swift */; };
		3DB182FE270BC716009C0972 /* CeldaRestaurantController.swift in Sources */ = {isa = PBXBuildFile; fileRef = 3DB182FD270BC716009C0972 /* CeldaRestaurantController.swift */; };
/* End PBXBuildFile section */

/* Begin PBXFileReference section */
		3DAB09C2270E699C004AED74 /* DetallesRestaurantController.swift */ = {isa = PBXFileReference; lastKnownFileType = sourcecode.swift; path = DetallesRestaurantController.swift; sourceTree = "<group>"; };
		3DB182E4270BC09D009C0972 /* modelosJesus.app */ = {isa = PBXFileReference; explicitFileType = wrapper.application; includeInIndex = 0; path = modelosJesus.app; sourceTree = BUILT_PRODUCTS_DIR; };
		3DB182E7270BC09D009C0972 /* AppDelegate.swift */ = {isa = PBXFileReference; lastKnownFileType = sourcecode.swift; path = AppDelegate.swift; sourceTree = "<group>"; };
		3DB182E9270BC09D009C0972 /* SceneDelegate.swift */ = {isa = PBXFileReference; lastKnownFileType = sourcecode.swift; path = SceneDelegate.swift; sourceTree = "<group>"; };
		3DB182EB270BC09D009C0972 /* ListaRestaurantesController.swift */ = {isa = PBXFileReference; lastKnownFileType = sourcecode.swift; path = ListaRestaurantesController.swift; sourceTree = "<group>"; };
		3DB182EE270BC09D009C0972 /* Base */ = {isa = PBXFileReference; lastKnownFileType = file.storyboard; name = Base; path = Base.lproj/Main.storyboard; sourceTree = "<group>"; };
		3DB182F0270BC0A2009C0972 /* Assets.xcassets */ = {isa = PBXFileReference; lastKnownFileType = folder.assetcatalog; path = Assets.xcassets; sourceTree = "<group>"; };
		3DB182F3270BC0A2009C0972 /* Base */ = {isa = PBXFileReference; lastKnownFileType = file.storyboard; name = Base; path = Base.lproj/LaunchScreen.storyboard; sourceTree = "<group>"; };
		3DB182F5270BC0A2009C0972 /* Info.plist */ = {isa = PBXFileReference; lastKnownFileType = text.plist.xml; path = Info.plist; sourceTree = "<group>"; };
		3DB182FB270BC38A009C0972 /* Restaurant.swift */ = {isa = PBXFileReference; lastKnownFileType = sourcecode.swift; path = Restaurant.swift; sourceTree = "<group>"; };
		3DB182FD270BC716009C0972 /* CeldaRestaurantController.swift */ = {isa = PBXFileReference; lastKnownFileType = sourcecode.swift; path = CeldaRestaurantController.swift; sourceTree = "<group>"; };
/* End PBXFileReference section */

/* Begin PBXFrameworksBuildPhase section */
		3DB182E1270BC09D009C0972 /* Frameworks */ = {
			isa = PBXFrameworksBuildPhase;
			buildActionMask = 2147483647;
			files = (
			);
			runOnlyForDeploymentPostprocessing = 0;
		};
/* End PBXFrameworksBuildPhase section */

/* Begin PBXGroup section */
		3DAB09BF270E66BC004AED74 /* models */ = {
			isa = PBXGroup;
			children = (
				3DB182FB270BC38A009C0972 /* Restaurant.swift */,
			);
			name = models;
			sourceTree = "<group>";
		};
		3DAB09C0270E673F004AED74 /* views */ = {
			isa = PBXGroup;
			children = (
				3DB182ED270BC09D009C0972 /* Main.storyboard */,
				3DB182F2270BC0A2009C0972 /* LaunchScreen.storyboard */,
			);
			name = views;
			sourceTree = "<group>";
		};
		3DAB09C1270E689C004AED74 /* controller */ = {
			isa = PBXGroup;
			children = (
				3DB182FD270BC716009C0972 /* CeldaRestaurantController.swift */,
				3DB182EB270BC09D009C0972 /* ListaRestaurantesController.swift */,
				3DAB09C2270E699C004AED74 /* DetallesRestaurantController.swift */,
			);
			name = controller;
			sourceTree = "<group>";
		};
		3DB182DB270BC09D009C0972 = {
			isa = PBXGroup;
			children = (
				3DB182E6270BC09D009C0972 /* modelosJesus */,
				3DB182E5270BC09D009C0972 /* Products */,
			);
			sourceTree = "<group>";
		};
		3DB182E5270BC09D009C0972 /* Products */ = {
			isa = PBXGroup;
			children = (
				3DB182E4270BC09D009C0972 /* modelosJesus.app */,
			);
			name = Products;
			sourceTree = "<group>";
		};
		3DB182E6270BC09D009C0972 /* modelosJesus */ = {
			isa = PBXGroup;
			children = (
				3DAB09C1270E689C004AED74 /* controller */,
				3DAB09C0270E673F004AED74 /* views */,
				3DAB09BF270E66BC004AED74 /* models */,
				3DB182E7270BC09D009C0972 /* AppDelegate.swift */,
				3DB182E9270BC09D009C0972 /* SceneDelegate.swift */,
				3DB182F0270BC0A2009C0972 /* Assets.xcassets */,
				3DB182F5270BC0A2009C0972 /* Info.plist */,
			);
			path = modelosJesus;
			sourceTree = "<group>";
		};
/* End PBXGroup section */

/* Begin PBXNativeTarget section */
		3DB182E3270BC09D009C0972 /* modelosJesus */ = {
			isa = PBXNativeTarget;
			buildConfigurationList = 3DB182F8270BC0A2009C0972 /* Build configuration list for PBXNativeTarget "modelosJesus" */;
			buildPhases = (
				3DB182E0270BC09D009C0972 /* Sources */,
				3DB182E1270BC09D009C0972 /* Frameworks */,
				3DB182E2270BC09D009C0972 /* Resources */,
			);
			buildRules = (
			);
			dependencies = (
			);
			name = modelosJesus;
			productName = modelosJesus;
			productReference = 3DB182E4270BC09D009C0972 /* modelosJesus.app */;
			productType = "com.apple.product-type.application";
		};
/* End PBXNativeTarget section */

/* Begin PBXProject section */
		3DB182DC270BC09D009C0972 /* Project object */ = {
			isa = PBXProject;
			attributes = {
				LastSwiftUpdateCheck = 1130;
				LastUpgradeCheck = 1130;
				ORGANIZATIONNAME = Alumno;
				TargetAttributes = {
					3DB182E3270BC09D009C0972 = {
						CreatedOnToolsVersion = 11.3.1;
					};
				};
			};
			buildConfigurationList = 3DB182DF270BC09D009C0972 /* Build configuration list for PBXProject "modelosJesus" */;
			compatibilityVersion = "Xcode 9.3";
			developmentRegion = en;
			hasScannedForEncodings = 0;
			knownRegions = (
				en,
				Base,
			);
			mainGroup = 3DB182DB270BC09D009C0972;
			productRefGroup = 3DB182E5270BC09D009C0972 /* Products */;
			projectDirPath = "";
			projectRoot = "";
			targets = (
				3DB182E3270BC09D009C0972 /* modelosJesus */,
			);
		};
/* End PBXProject section */

/* Begin PBXResourcesBuildPhase section */
		3DB182E2270BC09D009C0972 /* Resources */ = {
			isa = PBXResourcesBuildPhase;
			buildActionMask = 2147483647;
			files = (
				3DB182F4270BC0A2009C0972 /* LaunchScreen.storyboard in Resources */,
				3DB182F1270BC0A2009C0972 /* Assets.xcassets in Resources */,
				3DB182EF270BC09D009C0972 /* Main.storyboard in Resources */,
			);
			runOnlyForDeploymentPostprocessing = 0;
		};
/* End PBXResourcesBuildPhase section */

/* Begin PBXSourcesBuildPhase section */
		3DB182E0270BC09D009C0972 /* Sources */ = {
			isa = PBXSourcesBuildPhase;
			buildActionMask = 2147483647;
			files = (
				3DB182FC270BC38A009C0972 /* Restaurant.swift in Sources */,
				3DB182FE270BC716009C0972 /* CeldaRestaurantController.swift in Sources */,
				3DAB09C3270E699C004AED74 /* DetallesRestaurantController.swift in Sources */,
				3DB182EC270BC09D009C0972 /* ListaRestaurantesController.swift in Sources */,
				3DB182E8270BC09D009C0972 /* AppDelegate.swift in Sources */,
				3DB182EA270BC09D009C0972 /* SceneDelegate.swift in Sources */,
			);
			runOnlyForDeploymentPostprocessing = 0;
		};
/* End PBXSourcesBuildPhase section */

/* Begin PBXVariantGroup section */
		3DB182ED270BC09D009C0972 /* Main.storyboard */ = {
			isa = PBXVariantGroup;
			children = (
				3DB182EE270BC09D009C0972 /* Base */,
			);
			name = Main.storyboard;
			sourceTree = "<group>";
		};
		3DB182F2270BC0A2009C0972 /* LaunchScreen.storyboard */ = {
			isa = PBXVariantGroup;
			children = (
				3DB182F3270BC0A2009C0972 /* Base */,
			);
			name = LaunchScreen.storyboard;
			sourceTree = "<group>";
		};
/* End PBXVariantGroup section */

/* Begin XCBuildConfiguration section */
		3DB182F6270BC0A2009C0972 /* Debug */ = {
			isa = XCBuildConfiguration;
			buildSettings = {
				ALWAYS_SEARCH_USER_PATHS = NO;
				CLANG_ANALYZER_NONNULL = YES;
				CLANG_ANALYZER_NUMBER_OBJECT_CONVERSION = YES_AGGRESSIVE;
				CLANG_CXX_LANGUAGE_STANDARD = "gnu++14";
				CLANG_CXX_LIBRARY = "libc++";
				CLANG_ENABLE_MODULES = YES;
				CLANG_ENABLE_OBJC_ARC = YES;
				CLANG_ENABLE_OBJC_WEAK = YES;
				CLANG_WARN_BLOCK_CAPTURE_AUTORELEASING = YES;
				CLANG_WARN_BOOL_CONVERSION = YES;
				CLANG_WARN_COMMA = YES;
				CLANG_WARN_CONSTANT_CONVERSION = YES;
				CLANG_WARN_DEPRECATED_OBJC_IMPLEMENTATIONS = YES;
				CLANG_WARN_DIRECT_OBJC_ISA_USAGE = YES_ERROR;
				CLANG_WARN_DOCUMENTATION_COMMENTS = YES;
				CLANG_WARN_EMPTY_BODY = YES;
				CLANG_WARN_ENUM_CONVERSION = YES;
				CLANG_WARN_INFINITE_RECURSION = YES;
				CLANG_WARN_INT_CONVERSION = YES;
				CLANG_WARN_NON_LITERAL_NULL_CONVERSION = YES;
				CLANG_WARN_OBJC_IMPLICIT_RETAIN_SELF = YES;
				CLANG_WARN_OBJC_LITERAL_CONVERSION = YES;
				CLANG_WARN_OBJC_ROOT_CLASS = YES_ERROR;
				CLANG_WARN_RANGE_LOOP_ANALYSIS = YES;
				CLANG_WARN_STRICT_PROTOTYPES = YES;
				CLANG_WARN_SUSPICIOUS_MOVE = YES;
				CLANG_WARN_UNGUARDED_AVAILABILITY = YES_AGGRESSIVE;
				CLANG_WARN_UNREACHABLE_CODE = YES;
				CLANG_WARN__DUPLICATE_METHOD_MATCH = YES;
				COPY_PHASE_STRIP = NO;
				DEBUG_INFORMATION_FORMAT = dwarf;
				ENABLE_STRICT_OBJC_MSGSEND = YES;
				ENABLE_TESTABILITY = YES;
				GCC_C_LANGUAGE_STANDARD = gnu11;
				GCC_DYNAMIC_NO_PIC = NO;
				GCC_NO_COMMON_BLOCKS = YES;
				GCC_OPTIMIZATION_LEVEL = 0;
				GCC_PREPROCESSOR_DEFINITIONS = (
					"DEBUG=1",
					"$(inherited)",
				);
				GCC_WARN_64_TO_32_BIT_CONVERSION = YES;
				GCC_WARN_ABOUT_RETURN_TYPE = YES_ERROR;
				GCC_WARN_UNDECLARED_SELECTOR = YES;
				GCC_WARN_UNINITIALIZED_AUTOS = YES_AGGRESSIVE;
				GCC_WARN_UNUSED_FUNCTION = YES;
				GCC_WARN_UNUSED_VARIABLE = YES;
				IPHONEOS_DEPLOYMENT_TARGET = 13.2;
				MTL_ENABLE_DEBUG_INFO = INCLUDE_SOURCE;
				MTL_FAST_MATH = YES;
				ONLY_ACTIVE_ARCH = YES;
				SDKROOT = iphoneos;
				SWIFT_ACTIVE_COMPILATION_CONDITIONS = DEBUG;
				SWIFT_OPTIMIZATION_LEVEL = "-Onone";
			};
			name = Debug;
		};
		3DB182F7270BC0A2009C0972 /* Release */ = {
			isa = XCBuildConfiguration;
			buildSettings = {
				ALWAYS_SEARCH_USER_PATHS = NO;
				CLANG_ANALYZER_NONNULL = YES;
				CLANG_ANALYZER_NUMBER_OBJECT_CONVERSION = YES_AGGRESSIVE;
				CLANG_CXX_LANGUAGE_STANDARD = "gnu++14";
				CLANG_CXX_LIBRARY = "libc++";
				CLANG_ENABLE_MODULES = YES;
				CLANG_ENABLE_OBJC_ARC = YES;
				CLANG_ENABLE_OBJC_WEAK = YES;
				CLANG_WARN_BLOCK_CAPTURE_AUTORELEASING = YES;
				CLANG_WARN_BOOL_CONVERSION = YES;
				CLANG_WARN_COMMA = YES;
				CLANG_WARN_CONSTANT_CONVERSION = YES;
				CLANG_WARN_DEPRECATED_OBJC_IMPLEMENTATIONS = YES;
				CLANG_WARN_DIRECT_OBJC_ISA_USAGE = YES_ERROR;
				CLANG_WARN_DOCUMENTATION_COMMENTS = YES;
				CLANG_WARN_EMPTY_BODY = YES;
				CLANG_WARN_ENUM_CONVERSION = YES;
				CLANG_WARN_INFINITE_RECURSION = YES;
				CLANG_WARN_INT_CONVERSION = YES;
				CLANG_WARN_NON_LITERAL_NULL_CONVERSION = YES;
				CLANG_WARN_OBJC_IMPLICIT_RETAIN_SELF = YES;
				CLANG_WARN_OBJC_LITERAL_CONVERSION = YES;
				CLANG_WARN_OBJC_ROOT_CLASS = YES_ERROR;
				CLANG_WARN_RANGE_LOOP_ANALYSIS = YES;
				CLANG_WARN_STRICT_PROTOTYPES = YES;
				CLANG_WARN_SUSPICIOUS_MOVE = YES;
				CLANG_WARN_UNGUARDED_AVAILABILITY = YES_AGGRESSIVE;
				CLANG_WARN_UNREACHABLE_CODE = YES;
				CLANG_WARN__DUPLICATE_METHOD_MATCH = YES;
				COPY_PHASE_STRIP = NO;
				DEBUG_INFORMATION_FORMAT = "dwarf-with-dsym";
				ENABLE_NS_ASSERTIONS = NO;
				ENABLE_STRICT_OBJC_MSGSEND = YES;
				GCC_C_LANGUAGE_STANDARD = gnu11;
				GCC_NO_COMMON_BLOCKS = YES;
				GCC_WARN_64_TO_32_BIT_CONVERSION = YES;
				GCC_WARN_ABOUT_RETURN_TYPE = YES_ERROR;
				GCC_WARN_UNDECLARED_SELECTOR = YES;
				GCC_WARN_UNINITIALIZED_AUTOS = YES_AGGRESSIVE;
				GCC_WARN_UNUSED_FUNCTION = YES;
				GCC_WARN_UNUSED_VARIABLE = YES;
				IPHONEOS_DEPLOYMENT_TARGET = 13.2;
				MTL_ENABLE_DEBUG_INFO = NO;
				MTL_FAST_MATH = YES;
				SDKROOT = iphoneos;
				SWIFT_COMPILATION_MODE = wholemodule;
				SWIFT_OPTIMIZATION_LEVEL = "-O";
				VALIDATE_PRODUCT = YES;
			};
			name = Release;
		};
		3DB182F9270BC0A2009C0972 /* Debug */ = {
			isa = XCBuildConfiguration;
			buildSettings = {
				ASSETCATALOG_COMPILER_APPICON_NAME = AppIcon;
				CODE_SIGN_STYLE = Automatic;
				INFOPLIST_FILE = modelosJesus/Info.plist;
				LD_RUNPATH_SEARCH_PATHS = (
					"$(inherited)",
					"@executable_path/Frameworks",
				);
				PRODUCT_BUNDLE_IDENTIFIER = edu.ulsa.modelosJesus;
				PRODUCT_NAME = "$(TARGET_NAME)";
				SWIFT_VERSION = 5.0;
				TARGETED_DEVICE_FAMILY = "1,2";
			};
			name = Debug;
		};
		3DB182FA270BC0A2009C0972 /* Release */ = {
			isa = XCBuildConfiguration;
			buildSettings = {
				ASSETCATALOG_COMPILER_APPICON_NAME = AppIcon;
				CODE_SIGN_STYLE = Automatic;
				INFOPLIST_FILE = modelosJesus/Info.plist;
				LD_RUNPATH_SEARCH_PATHS = (
					"$(inherited)",
					"@executable_path/Frameworks",
				);
				PRODUCT_BUNDLE_IDENTIFIER = edu.ulsa.modelosJesus;
				PRODUCT_NAME = "$(TARGET_NAME)";
				SWIFT_VERSION = 5.0;
				TARGETED_DEVICE_FAMILY = "1,2";
			};
			name = Release;
		};
/* End XCBuildConfiguration section */

/* Begin XCConfigurationList section */
		3DB182DF270BC09D009C0972 /* Build configuration list for PBXProject "modelosJesus" */ = {
			isa = XCConfigurationList;
			buildConfigurations = (
				3DB182F6270BC0A2009C0972 /* Debug */,
				3DB182F7270BC0A2009C0972 /* Release */,
			);
			defaultConfigurationIsVisible = 0;
			defaultConfigurationName = Release;
		};
		3DB182F8270BC0A2009C0972 /* Build configuration list for PBXNativeTarget "modelosJesus" */ = {
			isa = XCConfigurationList;
			buildConfigurations = (
				3DB182F9270BC0A2009C0972 /* Debug */,
				3DB182FA270BC0A2009C0972 /* Release */,
			);
			defaultConfigurationIsVisible = 0;
			defaultConfigurationName = Release;
		};
/* End XCConfigurationList section */
	};
	rootObject = 3DB182DC270BC09D009C0972 /* Project object */;
}
